
Microsoft Visual Studio Solution File, Format Version 12.00
# Visual Studio Version 17
VisualStudioVersion = 17.0.31903.59
MinimumVisualStudioVersion = 10.0.40219.1
Project("{2150E333-8FDC-42A3-9474-1A3956D46DE8}") = "src", "src", "{CF3A2EFE-78BC-4357-8538-E5CAA627F64C}"
EndProject
Project("{FAE04EC0-301F-11D3-BF4B-00C04F79EFBC}") = "CyclopsScannerModule", "src\CyclopsScannerModule\CyclopsScannerModule.csproj", "{AF8BDE7F-C99A-4FE2-B0DA-E28D627BDB66}"
EndProject
Global
	GlobalSection(SolutionConfigurationPlatforms) = preSolution
		Debug|Any CPU = Debug|Any CPU
		Release|Any CPU = Release|Any CPU
	EndGlobalSection
	GlobalSection(SolutionProperties) = preSolution
		HideSolutionNode = FALSE
	EndGlobalSection
	GlobalSection(ProjectConfigurationPlatforms) = postSolution
		{AF8BDE7F-C99A-4FE2-B0DA-E28D627BDB66}.Debug|Any CPU.ActiveCfg = Debug|Any CPU
		{AF8BDE7F-C99A-4FE2-B0DA-E28D627BDB66}.Debug|Any CPU.Build.0 = Debug|Any CPU
		{AF8BDE7F-C99A-4FE2-B0DA-E28D627BDB66}.Release|Any CPU.ActiveCfg = Release|Any CPU
		{AF8BDE7F-C99A-4FE2-B0DA-E28D627BDB66}.Release|Any CPU.Build.0 = Release|Any CPU
	EndGlobalSection
	GlobalSection(NestedProjects) = preSolution
		{AF8BDE7F-C99A-4FE2-B0DA-E28D627BDB66} = {CF3A2EFE-78BC-4357-8538-E5CAA627F64C}
	EndGlobalSection
EndGlobal
